# This file is automatically @generated by Cargo.
# It is not intended for manual editing.
version = 3

[[package]]
name = "rust-proj"
version = "0.1.0"
dependencies = [
 "sql",
]

[[package]]
name = "sql"
version = "0.4.3"
source = "registry+https://github.com/rust-lang/crates.io-index"
checksum = "896118a791e834c7e81f35a2580696ec62e70ab33725871ecd9801020e376d54"
